# THIS IS AN AUTOGENERATED FILE. DO NOT EDIT THIS FILE DIRECTLY.
# yarn lockfile v1


luhn@^2.3.0:
  version "2.3.0"
  resolved "https://registry.yarnpkg.com/luhn/-/luhn-2.3.0.tgz#e1f0b2a736ca7dbc84cc0068f9fb06120901df40"
  integrity sha512-xKrlL/is9/xPDVgrgSamOzjJ6B3EzRo2Bzn5tm4/VrraDd3FTMjyDk2OwMjb/VweggSV2nU1airwpH0fyMOvdA==
